cloud.google.com/go/compute v1.6.1 h1:2sMmt8prCn7DPaG4Pmh0N3Inmc8cT8ae5k1M6VJ9Wqc=
cloud.google.com/go/compute v1.6.1/go.mod h1:g85FgpzFvNULZ+S8AYq87axRKuf2Kh7deLqV/jJ3thU=
github.com/golang/groupcache v0.0.0-20210331224755-41bb18bfe9da h1:oI5xCqsCo564l8iNU+DwB5epxmsaqB+rhGL0m5jtYqE=
github.com/golang/groupcache v0.0.0-20210331224755-41bb18bfe9da/go.mod h1:cIg4eruTrX1D+g88fzRXU5OdNfaM+9IcxsU14FzY7Hc=
github.com/golang/protobuf v1.5.2 h1:ROPKBNFfQgOUMifHyP+KYbvpjbdoFNs+aK7DXlji0Tw=
github.com/golang/protobuf v1.5.2/go.mod h1:XVQd3VNwM+JqD3oG2Ue2ip4fOMUkwXdXDdiuN0vRsmY=
github.com/googleapis/gax-go/v2 v2.4.0 h1:dS9eYAjhrE2RjmzYw2XAPvcXfmcQLtFEQWn0CR82awk=
github.com/googleapis/gax-go/v2 v2.4.0/go.mod h1:XOTVJ59hdnfJLIP/dh8n5CGryZR2LxK9wbMD5+iXC6c=
github.com/hashicorp/errwrap v1.0.0 h1:hLrqtEDnRye3+sgx6z4qVLNuviH3MR5aQ0ykNJa/UYA=
github.com/hashicorp/errwrap v1.0.0/go.mod h1:YH+1FKiLXxHSkmPseP+kNlulaMuP3n2brvKWEqk/Jc4=
github.com/hashicorp/go-multierror v1.1.1 h1:H5DkEtf6CXdFp0N0Em5UCwQpXMWke8IA0+lD48awMYo=
github.com/hashicorp/go-multierror v1.1.1/go.mod h1:iw975J/qwKPdAO1clOe2L8331t/9/fmwbPZ6JB6eMoM=
github.com/jlaffaye/ftp v0.0.0-20220310202011-d2c44e311e78 h1:urWv38lDLjDRk5fG9P8vvxlfpQXaKtRlZc+QLKk3FRA=
github.com/jlaffaye/ftp v0.0.0-20220310202011-d2c44e311e78/go.mod h1:oZaomI+9/et52UBjvNU9LCIqmgt816+7ljXCx0EIPzo=
github.com/phil-inc/plog v0.0.0-20190215205726-104ca8d1669e h1:R3yS4S0n++8r6xodcbZPGWnjG0Kig6Mr+C8HJRKn3LQ=
github.com/phil-inc/plog v0.0.0-20190215205726-104ca8d1669e/go.mod h1:jvuxZWAwz1/3C1MsQNUjId9ZLl01FKTnSA3ap3SVCsc=
go.opencensus.io v0.23.0 h1:gqCw0LfLxScz8irSi8exQc7fyQ0fKQU/qnC/X8+V/1M=
go.opencensus.io v0.23.0/go.mod h1:XItmlyltB5F7CS4xOC1DcqMoFqwtC6OG2xF7mCv7P7E=
golang.org/x/net v0.0.0-20220520000938-2e3eb7b945c2 h1:NWy5+hlRbC7HK+PmcXVUmW1IMyFce7to56IUvhUFm7Y=
golang.org/x/net v0.0.0-20220520000938-2e3eb7b945c2/go.mod h1:CfG3xpIq0wQ8r1q4Su4UZFWDARRcnwPjda9FqA0JpMk=
golang.org/x/oauth2 v0.0.0-20220411215720-9780585627b5 h1:OSnWWcOd/CtWQC2cYSBgbTSJv3ciqd8r54ySIW2y3RE=
golang.org/x/oauth2 v0.0.0-20220411215720-9780585627b5/go.mod h1:DAh4E804XQdzx2j+YRIaUnCqCV2RuMz24cGBJ5QYIrc=
golang.org/x/sys v0.0.0-20220520151302-bc2c85ada10a h1:dGzPydgVsqGcTRVwiLJ1jVbufYwmzD3LfVPLKsKg+0k=
golang.org/x/sys v0.0.0-20220520151302-bc2c85ada10a/go.mod h1:oPkhp1MJrh7nUepCBck5+mAzfO9JrbApNNgaTdGDITg=
golang.org/x/text v0.3.7 h1:olpwvP2KacW1ZWvsR7uQhoyTYvKAupfQrRGBFM352Gk=
golang.org/x/text v0.3.7/go.mod h1:u+2+/6zg+i71rQMx5EYifcz6MCKuco9NR6JIITiCfzQ=
google.golang.org/api v0.80.0 h1:IQWaGVCYnsm4MO3hh+WtSXMzMzuyFx/fuR8qkN3A0Qo=
google.golang.org/api v0.80.0/go.mod h1:xY3nI94gbvBrE0J6NHXhxOmW97HG7Khjkku6AFB3Hyg=
google.golang.org/appengine v1.6.7 h1:FZR1q0exgwxzPzp/aF+VccGrSfxfPpkBqjIIEq3ru6c=
google.golang.org/appengine v1.6.7/go.mod h1:8WjMMxjGQR8xUklV/ARdw2HLXBOI7O7uCIDZVag1xfc=
google.golang.org/genproto v0.0.0-20220524023933-508584e28198 h1:a1g7i05I2vUwq5eYrmxBJy6rPbw/yo7WzzwPJmcC0P4=
google.golang.org/genproto v0.0.0-20220524023933-508584e28198/go.mod h1:RAyBrSAP7Fh3Nc84ghnVLDPuV51xc9agzmm4Ph6i0Q4=
google.golang.org/grpc v1.46.2 h1:u+MLGgVf7vRdjEYZ8wDFhAVNmhkbJ5hmrA1LMWK1CAQ=
google.golang.org/grpc v1.46.2/go.mod h1:vN9eftEi1UMyUsIF80+uQXhHjbXYbm0uXoFCACuMGWk=
google.golang.org/protobuf v1.28.0 h1:w43yiav+6bVFTBQFZX0r7ipe9JQ1QsbMgHwbBziscLw=
google.golang.org/protobuf v1.28.0/go.mod h1:HV8QOd/L58Z+nl8r43ehVNZIU/HEI6OcFqwMG9pJV4I=
