cloud.google.com/go/compute v1.6.1 h1:2sMmt8prCn7DPaG4Pmh0N3Inmc8cT8ae5k1M6VJ9Wqc=
cloud.google.com/go/compute v1.6.1/go.mod h1:g85FgpzFvNULZ+S8AYq87axRKuf2Kh7deLqV/jJ3thU=
github.com/aws/aws-sdk-go-v2 v1.16.4 h1:swQTEQUyJF/UkEA94/Ga55miiKFoXmm/Zd67XHgmjSg=
github.com/aws/aws-sdk-go-v2 v1.16.4/go.mod h1:ytwTPBG6fXTZLxxeeCCWj2/EMYp/xDUgX+OET6TLNNU=
github.com/aws/aws-sdk-go-v2/aws/protocol/eventstream v1.4.1 h1:SdK4Ppk5IzLs64ZMvr6MrSficMtjY2oS0WOORXTlxwU=
github.com/aws/aws-sdk-go-v2/aws/protocol/eventstream v1.4.1/go.mod h1:n8Bs1ElDD2wJ9kCRTczA83gYbBmjSwZp3umc6zF4EeM=
github.com/aws/aws-sdk-go-v2/credentials v1.12.2 h1:tX4EHQFU4+O9at5QjnwIKb/Qgv7MbgbUNtqTRF0Vu2M=
github.com/aws/aws-sdk-go-v2/credentials v1.12.2/go.mod h1:/XWqDVuzclEKvzileqtD7/t+wIhOogv//6JFlKEe0Wc=
github.com/aws/aws-sdk-go-v2/feature/s3/manager v1.11.12 h1:Gd+McyLAdshV3ZaQXt7Vd8dtLMZgcAmn5Y/mXDEO9L8=
github.com/aws/aws-sdk-go-v2/feature/s3/manager v1.11.12/go.mod h1:8pCb6S1pHhY5PulX37wdb2dqXHkM4B3ij6Z1gAOdDtE=
github.com/aws/aws-sdk-go-v2/internal/configsources v1.1.11 h1:gsqHplNh1DaQunEKZISK56wlpbCg0yKxNVvGWCFuF1k=
github.com/aws/aws-sdk-go-v2/internal/configsources v1.1.11/go.mod h1:tmUB6jakq5DFNcXsXOA/ZQ7/C8VnSKYkx58OI7Fh79g=
github.com/aws/aws-sdk-go-v2/internal/endpoints/v2 v2.4.5 h1:PLFj+M2PgIDHG//hw3T0O0KLI4itVtAjtxrZx4AHPLg=
github.com/aws/aws-sdk-go-v2/internal/endpoints/v2 v2.4.5/go.mod h1:fV1AaS2gFc1tM0RCb015FJ0pvWVUfJZANzjwoO4YakM=
github.com/aws/aws-sdk-go-v2/internal/v4a v1.0.2 h1:1fs9WkbFcMawQjxEI0B5L0SqvBhJZebxWM6Z3x/qHWY=
github.com/aws/aws-sdk-go-v2/internal/v4a v1.0.2/go.mod h1:0jDVeWUFPbI3sOfsXXAsIdiawXcn7VBLx/IlFVTRP64=
github.com/aws/aws-sdk-go-v2/service/internal/accept-encoding v1.9.1 h1:T4pFel53bkHjL2mMo+4DKE6r6AuoZnM0fg7k1/ratr4=
github.com/aws/aws-sdk-go-v2/service/internal/accept-encoding v1.9.1/go.mod h1:GeUru+8VzrTXV/83XyMJ80KpH8xO89VPoUileyNQ+tc=
github.com/aws/aws-sdk-go-v2/service/internal/checksum v1.1.6 h1:9mvDAsMiN+07wcfGM+hJ1J3dOKZ2YOpDiPZ6ufRJcgw=
github.com/aws/aws-sdk-go-v2/service/internal/checksum v1.1.6/go.mod h1:Eus+Z2iBIEfhOvhSdMTcscNOMy6n3X9/BJV0Zgax98w=
github.com/aws/aws-sdk-go-v2/service/internal/presigned-url v1.9.5 h1:gRW1ZisKc93EWEORNJRvy/ZydF3o6xLSveJHdi1Oa0U=
github.com/aws/aws-sdk-go-v2/service/internal/presigned-url v1.9.5/go.mod h1:ZbkttHXaVn3bBo/wpJbQGiiIWR90eTBUVBrEHUEQlho=
github.com/aws/aws-sdk-go-v2/service/internal/s3shared v1.13.5 h1:DyPYkrH4R2zn+Pdu6hM3VTuPsQYAE6x2WB24X85Sgw0=
github.com/aws/aws-sdk-go-v2/service/internal/s3shared v1.13.5/go.mod h1:XtL92YWo0Yq80iN3AgYRERJqohg4TozrqRlxYhHGJ7g=
github.com/aws/aws-sdk-go-v2/service/s3 v1.26.10 h1:GWdLZK0r1AK5sKb8rhB9bEXqXCK8WNuyv4TBAD6ZviQ=
github.com/aws/aws-sdk-go-v2/service/s3 v1.26.10/go.mod h1:+O7qJxF8nLorAhuIVhYTHse6okjHJJm4EwhhzvpnkT0=
github.com/aws/smithy-go v1.11.2 h1:eG/N+CcUMAvsdffgMvjMKwfyDzIkjM6pfxMJ8Mzc6mE=
github.com/aws/smithy-go v1.11.2/go.mod h1:3xHYmszWVx2c0kIwQeEVf9uSm4fYZt67FBJnwub1bgM=
github.com/golang/groupcache v0.0.0-20210331224755-41bb18bfe9da h1:oI5xCqsCo564l8iNU+DwB5epxmsaqB+rhGL0m5jtYqE=
github.com/golang/groupcache v0.0.0-20210331224755-41bb18bfe9da/go.mod h1:cIg4eruTrX1D+g88fzRXU5OdNfaM+9IcxsU14FzY7Hc=
github.com/golang/protobuf v1.5.2 h1:ROPKBNFfQgOUMifHyP+KYbvpjbdoFNs+aK7DXlji0Tw=
github.com/golang/protobuf v1.5.2/go.mod h1:XVQd3VNwM+JqD3oG2Ue2ip4fOMUkwXdXDdiuN0vRsmY=
github.com/googleapis/gax-go/v2 v2.4.0 h1:dS9eYAjhrE2RjmzYw2XAPvcXfmcQLtFEQWn0CR82awk=
github.com/googleapis/gax-go/v2 v2.4.0/go.mod h1:XOTVJ59hdnfJLIP/dh8n5CGryZR2LxK9wbMD5+iXC6c=
github.com/hashicorp/errwrap v1.0.0 h1:hLrqtEDnRye3+sgx6z4qVLNuviH3MR5aQ0ykNJa/UYA=
github.com/hashicorp/errwrap v1.0.0/go.mod h1:YH+1FKiLXxHSkmPseP+kNlulaMuP3n2brvKWEqk/Jc4=
github.com/hashicorp/go-multierror v1.1.1 h1:H5DkEtf6CXdFp0N0Em5UCwQpXMWke8IA0+lD48awMYo=
github.com/hashicorp/go-multierror v1.1.1/go.mod h1:iw975J/qwKPdAO1clOe2L8331t/9/fmwbPZ6JB6eMoM=
github.com/jlaffaye/ftp v0.0.0-20220310202011-d2c44e311e78 h1:urWv38lDLjDRk5fG9P8vvxlfpQXaKtRlZc+QLKk3FRA=
github.com/jlaffaye/ftp v0.0.0-20220310202011-d2c44e311e78/go.mod h1:oZaomI+9/et52UBjvNU9LCIqmgt816+7ljXCx0EIPzo=
github.com/jmespath/go-jmespath v0.4.0 h1:BEgLn5cpjn8UN1mAw4NjwDrS35OdebyEtFe+9YPoQUg=
github.com/jmespath/go-jmespath v0.4.0/go.mod h1:T8mJZnbsbmF+m6zOOFylbeCJqk5+pHWvzYPziyZiYoo=
go.opencensus.io v0.23.0 h1:gqCw0LfLxScz8irSi8exQc7fyQ0fKQU/qnC/X8+V/1M=
go.opencensus.io v0.23.0/go.mod h1:XItmlyltB5F7CS4xOC1DcqMoFqwtC6OG2xF7mCv7P7E=
golang.org/x/net v0.0.0-20220520000938-2e3eb7b945c2 h1:NWy5+hlRbC7HK+PmcXVUmW1IMyFce7to56IUvhUFm7Y=
golang.org/x/net v0.0.0-20220520000938-2e3eb7b945c2/go.mod h1:CfG3xpIq0wQ8r1q4Su4UZFWDARRcnwPjda9FqA0JpMk=
golang.org/x/oauth2 v0.0.0-20220411215720-9780585627b5 h1:OSnWWcOd/CtWQC2cYSBgbTSJv3ciqd8r54ySIW2y3RE=
golang.org/x/oauth2 v0.0.0-20220411215720-9780585627b5/go.mod h1:DAh4E804XQdzx2j+YRIaUnCqCV2RuMz24cGBJ5QYIrc=
golang.org/x/sys v0.0.0-20220520151302-bc2c85ada10a h1:dGzPydgVsqGcTRVwiLJ1jVbufYwmzD3LfVPLKsKg+0k=
golang.org/x/sys v0.0.0-20220520151302-bc2c85ada10a/go.mod h1:oPkhp1MJrh7nUepCBck5+mAzfO9JrbApNNgaTdGDITg=
golang.org/x/text v0.3.7 h1:olpwvP2KacW1ZWvsR7uQhoyTYvKAupfQrRGBFM352Gk=
golang.org/x/text v0.3.7/go.mod h1:u+2+/6zg+i71rQMx5EYifcz6MCKuco9NR6JIITiCfzQ=
google.golang.org/api v0.80.0 h1:IQWaGVCYnsm4MO3hh+WtSXMzMzuyFx/fuR8qkN3A0Qo=
google.golang.org/api v0.80.0/go.mod h1:xY3nI94gbvBrE0J6NHXhxOmW97HG7Khjkku6AFB3Hyg=
google.golang.org/appengine v1.6.7 h1:FZR1q0exgwxzPzp/aF+VccGrSfxfPpkBqjIIEq3ru6c=
google.golang.org/appengine v1.6.7/go.mod h1:8WjMMxjGQR8xUklV/ARdw2HLXBOI7O7uCIDZVag1xfc=
google.golang.org/genproto v0.0.0-20220524023933-508584e28198 h1:a1g7i05I2vUwq5eYrmxBJy6rPbw/yo7WzzwPJmcC0P4=
google.golang.org/genproto v0.0.0-20220524023933-508584e28198/go.mod h1:RAyBrSAP7Fh3Nc84ghnVLDPuV51xc9agzmm4Ph6i0Q4=
google.golang.org/grpc v1.46.2 h1:u+MLGgVf7vRdjEYZ8wDFhAVNmhkbJ5hmrA1LMWK1CAQ=
google.golang.org/grpc v1.46.2/go.mod h1:vN9eftEi1UMyUsIF80+uQXhHjbXYbm0uXoFCACuMGWk=
google.golang.org/protobuf v1.28.0 h1:w43yiav+6bVFTBQFZX0r7ipe9JQ1QsbMgHwbBziscLw=
google.golang.org/protobuf v1.28.0/go.mod h1:HV8QOd/L58Z+nl8r43ehVNZIU/HEI6OcFqwMG9pJV4I=
